// !$*UTF8*$!
{
	archiveVersion = 1;
	classes = {
	};
	objectVersion = 48;
	objects = {

/* Begin PBXBuildFile section */
		6FB76811D90E387B24A3B574 /* Pods_studyRxswift.framework in Frameworks */ = {isa = PBXBuildFile; fileRef = 278244CA76708825552F02DA /* Pods_studyRxswift.framework */; };
		840A9C722227969800BB6C1D /* AppDelegate.swift in Sources */ = {isa = PBXBuildFile; fileRef = 840A9C712227969800BB6C1D /* AppDelegate.swift */; };
		840A9C742227969800BB6C1D /* ViewController.swift in Sources */ = {isa = PBXBuildFile; fileRef = 840A9C732227969800BB6C1D /* ViewController.swift */; };
		840A9C772227969800BB6C1D /* Main.storyboard in Resources */ = {isa = PBXBuildFile; fileRef = 840A9C752227969800BB6C1D /* Main.storyboard */; };
		840A9C792227969A00BB6C1D /* Assets.xcassets in Resources */ = {isa = PBXBuildFile; fileRef = 840A9C782227969A00BB6C1D /* Assets.xcassets */; };
		840A9C7C2227969A00BB6C1D /* LaunchScreen.storyboard in Resources */ = {isa = PBXBuildFile; fileRef = 840A9C7A2227969A00BB6C1D /* LaunchScreen.storyboard */; };
		840A9C862227B9B600BB6C1D /* PeopleViewController.swift in Sources */ = {isa = PBXBuildFile; fileRef = 840A9C842227B9B600BB6C1D /* PeopleViewController.swift */; };
		840A9C872227B9B600BB6C1D /* PeopleViewController.xib in Resources */ = {isa = PBXBuildFile; fileRef = 840A9C852227B9B600BB6C1D /* PeopleViewController.xib */; };
		840A9C892227BA9800BB6C1D /* PeopleModel.swift in Sources */ = {isa = PBXBuildFile; fileRef = 840A9C882227BA9800BB6C1D /* PeopleModel.swift */; };
		840A9C8B2227BB1600BB6C1D /* PeopleViewModel.swift in Sources */ = {isa = PBXBuildFile; fileRef = 840A9C8A2227BB1600BB6C1D /* PeopleViewModel.swift */; };
		840A9C912227C4D200BB6C1D /* ObservableViewController.swift in Sources */ = {isa = PBXBuildFile; fileRef = 840A9C8F2227C4D200BB6C1D /* ObservableViewController.swift */; };
		840A9C922227C4D200BB6C1D /* ObservableViewController.xib in Resources */ = {isa = PBXBuildFile; fileRef = 840A9C902227C4D200BB6C1D /* ObservableViewController.xib */; };
		840A9C962228DBF900BB6C1D /* SubscribeViewController.swift in Sources */ = {isa = PBXBuildFile; fileRef = 840A9C942228DBF900BB6C1D /* SubscribeViewController.swift */; };
		840A9C972228DBF900BB6C1D /* SubscribeViewController.xib in Resources */ = {isa = PBXBuildFile; fileRef = 840A9C952228DBF900BB6C1D /* SubscribeViewController.xib */; };
		840A9C9B2228DF0100BB6C1D /* doOnViewController.swift in Sources */ = {isa = PBXBuildFile; fileRef = 840A9C992228DF0100BB6C1D /* doOnViewController.swift */; };
		840A9C9C2228DF0100BB6C1D /* doOnViewController.xib in Resources */ = {isa = PBXBuildFile; fileRef = 840A9C9A2228DF0100BB6C1D /* doOnViewController.xib */; };
		840A9CA02228E2B300BB6C1D /* DisposeViewController.swift in Sources */ = {isa = PBXBuildFile; fileRef = 840A9C9E2228E2B300BB6C1D /* DisposeViewController.swift */; };
		840A9CA12228E2B300BB6C1D /* DisposeViewController.xib in Resources */ = {isa = PBXBuildFile; fileRef = 840A9C9F2228E2B300BB6C1D /* DisposeViewController.xib */; };
		840A9CA52228EA2800BB6C1D /* bindViewController.swift in Sources */ = {isa = PBXBuildFile; fileRef = 840A9CA32228EA2800BB6C1D /* bindViewController.swift */; };
		840A9CA62228EA2800BB6C1D /* bindViewController.xib in Resources */ = {isa = PBXBuildFile; fileRef = 840A9CA42228EA2800BB6C1D /* bindViewController.xib */; };
		840A9CAA2228F04400BB6C1D /* exViewController.swift in Sources */ = {isa = PBXBuildFile; fileRef = 840A9CA82228F04400BB6C1D /* exViewController.swift */; };
		840A9CAB2228F04400BB6C1D /* exViewController.xib in Resources */ = {isa = PBXBuildFile; fileRef = 840A9CA92228F04400BB6C1D /* exViewController.xib */; };
		84E748A922B7B424003B55AA /* TransformingViewController.swift in Sources */ = {isa = PBXBuildFile; fileRef = 84E748A822B7B424003B55AA /* TransformingViewController.swift */; };
		84F85ECB222A5DFE003790E6 /* subjectsViewController.swift in Sources */ = {isa = PBXBuildFile; fileRef = 84F85EC9222A5DFE003790E6 /* subjectsViewController.swift */; };
		84F85ECC222A5DFE003790E6 /* subjectsViewController.xib in Resources */ = {isa = PBXBuildFile; fileRef = 84F85ECA222A5DFE003790E6 /* subjectsViewController.xib */; };
		9B083DBB22F7C034008C8057 /* TableViewController.swift in Sources */ = {isa = PBXBuildFile; fileRef = 9B083DBA22F7C034008C8057 /* TableViewController.swift */; };
		9B083DBD22F7D9B3008C8057 /* TableView2Controller.swift in Sources */ = {isa = PBXBuildFile; fileRef = 9B083DBC22F7D9B3008C8057 /* TableView2Controller.swift */; };
		9B083DC122F809AF008C8057 /* SeachTableViewController.swift in Sources */ = {isa = PBXBuildFile; fileRef = 9B083DC022F809AF008C8057 /* SeachTableViewController.swift */; };
		9B704FEF22CDA552003E8DF1 /* DriverViewController.swift in Sources */ = {isa = PBXBuildFile; fileRef = 9B704FEE22CDA552003E8DF1 /* DriverViewController.swift */; };
		9B704FF222CDD39C003E8DF1 /* ControlPropertyViewController.swift in Sources */ = {isa = PBXBuildFile; fileRef = 9B704FF122CDD39C003E8DF1 /* ControlPropertyViewController.swift */; };
		9B704FF522CDD89F003E8DF1 /* SchedulersViewController.swift in Sources */ = {isa = PBXBuildFile; fileRef = 9B704FF422CDD89F003E8DF1 /* SchedulersViewController.swift */; };
		9B7A970522D3223B00A51953 /* UIlabelViewController.swift in Sources */ = {isa = PBXBuildFile; fileRef = 9B7A970422D3223B00A51953 /* UIlabelViewController.swift */; };
		9B7A970822D325B400A51953 /* TextViewController.swift in Sources */ = {isa = PBXBuildFile; fileRef = 9B7A970722D325B400A51953 /* TextViewController.swift */; };
		9B8D029722EE8C880004A4FB /* BidirectionalDataViewController.swift in Sources */ = {isa = PBXBuildFile; fileRef = 9B8D029622EE8C880004A4FB /* BidirectionalDataViewController.swift */; };
		9B8D029922EE922F0004A4FB /* Operators.swift in Sources */ = {isa = PBXBuildFile; fileRef = 9B8D029822EE922F0004A4FB /* Operators.swift */; };
		9B8D029C22EE99A70004A4FB /* UIGestureRecognizerViewController.swift in Sources */ = {isa = PBXBuildFile; fileRef = 9B8D029B22EE99A70004A4FB /* UIGestureRecognizerViewController.swift */; };
		9B8D029F22EE9C900004A4FB /* UIDatePickerViewController.swift in Sources */ = {isa = PBXBuildFile; fileRef = 9B8D029E22EE9C900004A4FB /* UIDatePickerViewController.swift */; };
		9B91E8C322EAE9F7004C375F /* SwitchViewController.swift in Sources */ = {isa = PBXBuildFile; fileRef = 9B91E8C222EAE9F7004C375F /* SwitchViewController.swift */; };
		9B91E8C722EAF703004C375F /* UIActivityIndicatorViewController.swift in Sources */ = {isa = PBXBuildFile; fileRef = 9B91E8C622EAF703004C375F /* UIActivityIndicatorViewController.swift */; };
		9B91E8CA22EAFED5004C375F /* UISliderViewController.swift in Sources */ = {isa = PBXBuildFile; fileRef = 9B91E8C922EAFED5004C375F /* UISliderViewController.swift */; };
		9B91E8CC22EAFF78004C375F /* BaseViewController.swift in Sources */ = {isa = PBXBuildFile; fileRef = 9B91E8CB22EAFF78004C375F /* BaseViewController.swift */; };
		9BAC076F22C6171300E77EC5 /* FilteringObservablesViewController.swift in Sources */ = {isa = PBXBuildFile; fileRef = 9BAC076E22C6171300E77EC5 /* FilteringObservablesViewController.swift */; };
		9BF64DDF22C9F00800184FFB /* ConditionalBooleanOperatorsViewController.swift in Sources */ = {isa = PBXBuildFile; fileRef = 9BF64DDE22C9F00800184FFB /* ConditionalBooleanOperatorsViewController.swift */; };
		9BF64DE222C9F2A800184FFB /* CombiningObservablesViewController.swift in Sources */ = {isa = PBXBuildFile; fileRef = 9BF64DE122C9F2A800184FFB /* CombiningObservablesViewController.swift */; };
		9BF64DE722C9F87800184FFB /* MathematicalAggregateOperatorsViewController.swift in Sources */ = {isa = PBXBuildFile; fileRef = 9BF64DE622C9F87800184FFB /* MathematicalAggregateOperatorsViewController.swift */; };
		9BF64DEA22C9FA8700184FFB /* ConnectableObservableOperatorsViewController.swift in Sources */ = {isa = PBXBuildFile; fileRef = 9BF64DE922C9FA8700184FFB /* ConnectableObservableOperatorsViewController.swift */; };
		9BF64DED22C9FFD100184FFB /* ObservableUtilityOperatorsViewController.swift in Sources */ = {isa = PBXBuildFile; fileRef = 9BF64DEC22C9FFD100184FFB /* ObservableUtilityOperatorsViewController.swift */; };
		9BF64DF022CA028B00184FFB /* ErrorHandlingOperatorsViewController.swift in Sources */ = {isa = PBXBuildFile; fileRef = 9BF64DEF22CA028B00184FFB /* ErrorHandlingOperatorsViewController.swift */; };
		9BF64DF322CA03B500184FFB /* DebugViewController.swift in Sources */ = {isa = PBXBuildFile; fileRef = 9BF64DF222CA03B500184FFB /* DebugViewController.swift */; };
		9BF64DF622CA06F900184FFB /* TraitsViewController.swift in Sources */ = {isa = PBXBuildFile; fileRef = 9BF64DF522CA06F900184FFB /* TraitsViewController.swift */; };
		9BF9925E22E69F0100C17A07 /* UIButtonViewController.swift in Sources */ = {isa = PBXBuildFile; fileRef = 9BF9925D22E69F0100C17A07 /* UIButtonViewController.swift */; };
/* End PBXBuildFile section */

/* Begin PBXFileReference section */
		278244CA76708825552F02DA /* Pods_studyRxswift.framework */ = {isa = PBXFileReference; explicitFileType = wrapper.framework; includeInIndex = 0; path = Pods_studyRxswift.framework; sourceTree = BUILT_PRODUCTS_DIR; };
		4BF0ADD7AD5C73712C521512 /* Pods-studyRxswift.debug.xcconfig */ = {isa = PBXFileReference; includeInIndex = 1; lastKnownFileType = text.xcconfig; name = "Pods-studyRxswift.debug.xcconfig"; path = "Pods/Target Support Files/Pods-studyRxswift/Pods-studyRxswift.debug.xcconfig"; sourceTree = "<group>"; };
		51E311629813725307D67016 /* Pods-studyRxswift.release.xcconfig */ = {isa = PBXFileReference; includeInIndex = 1; lastKnownFileType = text.xcconfig; name = "Pods-studyRxswift.release.xcconfig"; path = "Pods/Target Support Files/Pods-studyRxswift/Pods-studyRxswift.release.xcconfig"; sourceTree = "<group>"; };
		840A9C6E2227969800BB6C1D /* studyRxswift.app */ = {isa = PBXFileReference; explicitFileType = wrapper.application; includeInIndex = 0; path = studyRxswift.app; sourceTree = BUILT_PRODUCTS_DIR; };
		840A9C712227969800BB6C1D /* AppDelegate.swift */ = {isa = PBXFileReference; lastKnownFileType = sourcecode.swift; path = AppDelegate.swift; sourceTree = "<group>"; };
		840A9C732227969800BB6C1D /* ViewController.swift */ = {isa = PBXFileReference; lastKnownFileType = sourcecode.swift; path = ViewController.swift; sourceTree = "<group>"; };
		840A9C762227969800BB6C1D /* Base */ = {isa = PBXFileReference; lastKnownFileType = file.storyboard; name = Base; path = Base.lproj/Main.storyboard; sourceTree = "<group>"; };
		840A9C782227969A00BB6C1D /* Assets.xcassets */ = {isa = PBXFileReference; lastKnownFileType = folder.assetcatalog; path = Assets.xcassets; sourceTree = "<group>"; };
		840A9C7B2227969A00BB6C1D /* Base */ = {isa = PBXFileReference; lastKnownFileType = file.storyboard; name = Base; path = Base.lproj/LaunchScreen.storyboard; sourceTree = "<group>"; };
		840A9C7D2227969A00BB6C1D /* Info.plist */ = {isa = PBXFileReference; lastKnownFileType = text.plist.xml; path = Info.plist; sourceTree = "<group>"; };
		840A9C842227B9B600BB6C1D /* PeopleViewController.swift */ = {isa = PBXFileReference; lastKnownFileType = sourcecode.swift; path = PeopleViewController.swift; sourceTree = "<group>"; };
		840A9C852227B9B600BB6C1D /* PeopleViewController.xib */ = {isa = PBXFileReference; lastKnownFileType = file.xib; path = PeopleViewController.xib; sourceTree = "<group>"; };
		840A9C882227BA9800BB6C1D /* PeopleModel.swift */ = {isa = PBXFileReference; lastKnownFileType = sourcecode.swift; path = PeopleModel.swift; sourceTree = "<group>"; };
		840A9C8A2227BB1600BB6C1D /* PeopleViewModel.swift */ = {isa = PBXFileReference; lastKnownFileType = sourcecode.swift; path = PeopleViewModel.swift; sourceTree = "<group>"; };
		840A9C8F2227C4D200BB6C1D /* ObservableViewController.swift */ = {isa = PBXFileReference; lastKnownFileType = sourcecode.swift; path = ObservableViewController.swift; sourceTree = "<group>"; };
		840A9C902227C4D200BB6C1D /* ObservableViewController.xib */ = {isa = PBXFileReference; lastKnownFileType = file.xib; path = ObservableViewController.xib; sourceTree = "<group>"; };
		840A9C942228DBF900BB6C1D /* SubscribeViewController.swift */ = {isa = PBXFileReference; lastKnownFileType = sourcecode.swift; path = SubscribeViewController.swift; sourceTree = "<group>"; };
		840A9C952228DBF900BB6C1D /* SubscribeViewController.xib */ = {isa = PBXFileReference; lastKnownFileType = file.xib; path = SubscribeViewController.xib; sourceTree = "<group>"; };
		840A9C992228DF0100BB6C1D /* doOnViewController.swift */ = {isa = PBXFileReference; lastKnownFileType = sourcecode.swift; path = doOnViewController.swift; sourceTree = "<group>"; };
		840A9C9A2228DF0100BB6C1D /* doOnViewController.xib */ = {isa = PBXFileReference; lastKnownFileType = file.xib; path = doOnViewController.xib; sourceTree = "<group>"; };
		840A9C9E2228E2B300BB6C1D /* DisposeViewController.swift */ = {isa = PBXFileReference; lastKnownFileType = sourcecode.swift; path = DisposeViewController.swift; sourceTree = "<group>"; };
		840A9C9F2228E2B300BB6C1D /* DisposeViewController.xib */ = {isa = PBXFileReference; lastKnownFileType = file.xib; path = DisposeViewController.xib; sourceTree = "<group>"; };
		840A9CA32228EA2800BB6C1D /* bindViewController.swift */ = {isa = PBXFileReference; lastKnownFileType = sourcecode.swift; path = bindViewController.swift; sourceTree = "<group>"; };
		840A9CA42228EA2800BB6C1D /* bindViewController.xib */ = {isa = PBXFileReference; lastKnownFileType = file.xib; path = bindViewController.xib; sourceTree = "<group>"; };
		840A9CA82228F04400BB6C1D /* exViewController.swift */ = {isa = PBXFileReference; lastKnownFileType = sourcecode.swift; path = exViewController.swift; sourceTree = "<group>"; };
		840A9CA92228F04400BB6C1D /* exViewController.xib */ = {isa = PBXFileReference; lastKnownFileType = file.xib; path = exViewController.xib; sourceTree = "<group>"; };
		84E748A822B7B424003B55AA /* TransformingViewController.swift */ = {isa = PBXFileReference; lastKnownFileType = sourcecode.swift; path = TransformingViewController.swift; sourceTree = "<group>"; };
		84F85EC9222A5DFE003790E6 /* subjectsViewController.swift */ = {isa = PBXFileReference; lastKnownFileType = sourcecode.swift; path = subjectsViewController.swift; sourceTree = "<group>"; };
		84F85ECA222A5DFE003790E6 /* subjectsViewController.xib */ = {isa = PBXFileReference; lastKnownFileType = file.xib; path = subjectsViewController.xib; sourceTree = "<group>"; };
		9B083DBA22F7C034008C8057 /* TableViewController.swift */ = {isa = PBXFileReference; lastKnownFileType = sourcecode.swift; path = TableViewController.swift; sourceTree = "<group>"; };
		9B083DBC22F7D9B3008C8057 /* TableView2Controller.swift */ = {isa = PBXFileReference; lastKnownFileType = sourcecode.swift; path = TableView2Controller.swift; sourceTree = "<group>"; };
		9B083DC022F809AF008C8057 /* SeachTableViewController.swift */ = {isa = PBXFileReference; lastKnownFileType = sourcecode.swift; path = SeachTableViewController.swift; sourceTree = "<group>"; };
		9B704FEE22CDA552003E8DF1 /* DriverViewController.swift */ = {isa = PBXFileReference; lastKnownFileType = sourcecode.swift; path = DriverViewController.swift; sourceTree = "<group>"; };
		9B704FF122CDD39C003E8DF1 /* ControlPropertyViewController.swift */ = {isa = PBXFileReference; lastKnownFileType = sourcecode.swift; path = ControlPropertyViewController.swift; sourceTree = "<group>"; };
		9B704FF422CDD89F003E8DF1 /* SchedulersViewController.swift */ = {isa = PBXFileReference; lastKnownFileType = sourcecode.swift; path = SchedulersViewController.swift; sourceTree = "<group>"; };
		9B7A970422D3223B00A51953 /* UIlabelViewController.swift */ = {isa = PBXFileReference; lastKnownFileType = sourcecode.swift; path = UIlabelViewController.swift; sourceTree = "<group>"; };
		9B7A970722D325B400A51953 /* TextViewController.swift */ = {isa = PBXFileReference; lastKnownFileType = sourcecode.swift; path = TextViewController.swift; sourceTree = "<group>"; };
		9B8D029622EE8C880004A4FB /* BidirectionalDataViewController.swift */ = {isa = PBXFileReference; lastKnownFileType = sourcecode.swift; path = BidirectionalDataViewController.swift; sourceTree = "<group>"; };
		9B8D029822EE922F0004A4FB /* Operators.swift */ = {isa = PBXFileReference; fileEncoding = 4; lastKnownFileType = sourcecode.swift; path = Operators.swift; sourceTree = "<group>"; };
		9B8D029B22EE99A70004A4FB /* UIGestureRecognizerViewController.swift */ = {isa = PBXFileReference; lastKnownFileType = sourcecode.swift; path = UIGestureRecognizerViewController.swift; sourceTree = "<group>"; };
		9B8D029E22EE9C900004A4FB /* UIDatePickerViewController.swift */ = {isa = PBXFileReference; lastKnownFileType = sourcecode.swift; path = UIDatePickerViewController.swift; sourceTree = "<group>"; };
		9B91E8C222EAE9F7004C375F /* SwitchViewController.swift */ = {isa = PBXFileReference; lastKnownFileType = sourcecode.swift; path = SwitchViewController.swift; sourceTree = "<group>"; };
		9B91E8C622EAF703004C375F /* UIActivityIndicatorViewController.swift */ = {isa = PBXFileReference; lastKnownFileType = sourcecode.swift; path = UIActivityIndicatorViewController.swift; sourceTree = "<group>"; };
		9B91E8C922EAFED5004C375F /* UISliderViewController.swift */ = {isa = PBXFileReference; lastKnownFileType = sourcecode.swift; path = UISliderViewController.swift; sourceTree = "<group>"; };
		9B91E8CB22EAFF78004C375F /* BaseViewController.swift */ = {isa = PBXFileReference; lastKnownFileType = sourcecode.swift; path = BaseViewController.swift; sourceTree = "<group>"; };
		9BAC076E22C6171300E77EC5 /* FilteringObservablesViewController.swift */ = {isa = PBXFileReference; lastKnownFileType = sourcecode.swift; path = FilteringObservablesViewController.swift; sourceTree = "<group>"; };
		9BF64DDE22C9F00800184FFB /* ConditionalBooleanOperatorsViewController.swift */ = {isa = PBXFileReference; lastKnownFileType = sourcecode.swift; path = ConditionalBooleanOperatorsViewController.swift; sourceTree = "<group>"; };
		9BF64DE122C9F2A800184FFB /* CombiningObservablesViewController.swift */ = {isa = PBXFileReference; lastKnownFileType = sourcecode.swift; path = CombiningObservablesViewController.swift; sourceTree = "<group>"; };
		9BF64DE622C9F87800184FFB /* MathematicalAggregateOperatorsViewController.swift */ = {isa = PBXFileReference; lastKnownFileType = sourcecode.swift; path = MathematicalAggregateOperatorsViewController.swift; sourceTree = "<group>"; };
		9BF64DE922C9FA8700184FFB /* ConnectableObservableOperatorsViewController.swift */ = {isa = PBXFileReference; lastKnownFileType = sourcecode.swift; path = ConnectableObservableOperatorsViewController.swift; sourceTree = "<group>"; };
		9BF64DEC22C9FFD100184FFB /* ObservableUtilityOperatorsViewController.swift */ = {isa = PBXFileReference; lastKnownFileType = sourcecode.swift; path = ObservableUtilityOperatorsViewController.swift; sourceTree = "<group>"; };
		9BF64DEF22CA028B00184FFB /* ErrorHandlingOperatorsViewController.swift */ = {isa = PBXFileReference; lastKnownFileType = sourcecode.swift; path = ErrorHandlingOperatorsViewController.swift; sourceTree = "<group>"; };
		9BF64DF222CA03B500184FFB /* DebugViewController.swift */ = {isa = PBXFileReference; lastKnownFileType = sourcecode.swift; path = DebugViewController.swift; sourceTree = "<group>"; };
		9BF64DF522CA06F900184FFB /* TraitsViewController.swift */ = {isa = PBXFileReference; lastKnownFileType = sourcecode.swift; path = TraitsViewController.swift; sourceTree = "<group>"; };
		9BF9925D22E69F0100C17A07 /* UIButtonViewController.swift */ = {isa = PBXFileReference; lastKnownFileType = sourcecode.swift; path = UIButtonViewController.swift; sourceTree = "<group>"; };
/* End PBXFileReference section */

/* Begin PBXFrameworksBuildPhase section */
		840A9C6B2227969800BB6C1D /* Frameworks */ = {
			isa = PBXFrameworksBuildPhase;
			buildActionMask = 2147483647;
			files = (
				6FB76811D90E387B24A3B574 /* Pods_studyRxswift.framework in Frameworks */,
			);
			runOnlyForDeploymentPostprocessing = 0;
		};
/* End PBXFrameworksBuildPhase section */

/* Begin PBXGroup section */
		566B62ADDA0E1A66386699D2 /* Frameworks */ = {
			isa = PBXGroup;
			children = (
				278244CA76708825552F02DA /* Pods_studyRxswift.framework */,
			);
			name = Frameworks;
			sourceTree = "<group>";
		};
		840A9C652227969800BB6C1D = {
			isa = PBXGroup;
			children = (
				840A9C702227969800BB6C1D /* studyRxswift */,
				840A9C6F2227969800BB6C1D /* Products */,
				D6336EAA639B30140CAB411A /* Pods */,
				566B62ADDA0E1A66386699D2 /* Frameworks */,
			);
			sourceTree = "<group>";
		};
		840A9C6F2227969800BB6C1D /* Products */ = {
			isa = PBXGroup;
			children = (
				840A9C6E2227969800BB6C1D /* studyRxswift.app */,
			);
			name = Products;
			sourceTree = "<group>";
		};
		840A9C702227969800BB6C1D /* studyRxswift */ = {
			isa = PBXGroup;
			children = (
				9B083DB922F7C007008C8057 /* UITableview */,
				9B8D029D22EE9C860004A4FB /* UIDatePicker */,
				9B8D029A22EE999A0004A4FB /* UIGestureRecognizer */,
				9B8D029522EE8C650004A4FB /* BidirectionalData */,
				9B91E8C822EAFEA4004C375F /* UISlider */,
				9B91E8C522EAF6F5004C375F /* UIActivityIndicatorView */,
				9B91E8C122EAE98E004C375F /* UISwitch */,
				9BF9925C22E69EDB00C17A07 /* Button */,
				9B7A970622D3259600A51953 /* TextView */,
				9B7A970322D3222000A51953 /* UILabel */,
				9B704FF322CDD894003E8DF1 /* Schedulers */,
				9B704FF022CDD356003E8DF1 /* 特征序列3 */,
				9B704FED22CDA544003E8DF1 /* Driver */,
				9BF64DF422CA06BA00184FFB /* 特征序列 */,
				9BF64DF122CA039C00184FFB /* 调试操作 */,
				9BF64DEE22CA027000184FFB /* 错误处理 */,
				9BF64DEB22C9FFBB00184FFB /* 其他操作符 */,
				9BF64DE822C9FA6400184FFB /* 连接操作符 */,
				9BF64DE522C9F85C00184FFB /* 算数聚合操作符 */,
				9BF64DE022C9F29700184FFB /* 结合操作符 */,
				9BF64DDD22C9EFE800184FFB /* 条件和布尔操作符 */,
				9BAC076D22C616F300E77EC5 /* 过滤操作符 */,
				84E748A722B7B3E7003B55AA /* 变化操作符 */,
				84F85EC8222A5DE6003790E6 /* subjects */,
				840A9CA72228F00900BB6C1D /* ui扩展 */,
				840A9CA22228EA1000BB6C1D /* bindto */,
				840A9C9D2228E29700BB6C1D /* Dispose */,
				840A9C982228DEE800BB6C1D /* doOn */,
				840A9C932228DBDB00BB6C1D /* Subscribe */,
				840A9C8E2227C4BF00BB6C1D /* Observable */,
				840A9C832227B99700BB6C1D /* table */,
				840A9C712227969800BB6C1D /* AppDelegate.swift */,
				840A9C732227969800BB6C1D /* ViewController.swift */,
				840A9C752227969800BB6C1D /* Main.storyboard */,
				840A9C782227969A00BB6C1D /* Assets.xcassets */,
				840A9C7A2227969A00BB6C1D /* LaunchScreen.storyboard */,
				840A9C7D2227969A00BB6C1D /* Info.plist */,
				9B91E8CB22EAFF78004C375F /* BaseViewController.swift */,
				9B8D029822EE922F0004A4FB /* Operators.swift */,
			);
			path = studyRxswift;
			sourceTree = "<group>";
		};
		840A9C832227B99700BB6C1D /* table */ = {
			isa = PBXGroup;
			children = (
				840A9C842227B9B600BB6C1D /* PeopleViewController.swift */,
				840A9C852227B9B600BB6C1D /* PeopleViewController.xib */,
				840A9C882227BA9800BB6C1D /* PeopleModel.swift */,
				840A9C8A2227BB1600BB6C1D /* PeopleViewModel.swift */,
			);
			path = table;
			sourceTree = "<group>";
		};
		840A9C8E2227C4BF00BB6C1D /* Observable */ = {
			isa = PBXGroup;
			children = (
				840A9C8F2227C4D200BB6C1D /* ObservableViewController.swift */,
				840A9C902227C4D200BB6C1D /* ObservableViewController.xib */,
			);
			path = Observable;
			sourceTree = "<group>";
		};
		840A9C932228DBDB00BB6C1D /* Subscribe */ = {
			isa = PBXGroup;
			children = (
				840A9C942228DBF900BB6C1D /* SubscribeViewController.swift */,
				840A9C952228DBF900BB6C1D /* SubscribeViewController.xib */,
			);
			path = Subscribe;
			sourceTree = "<group>";
		};
		840A9C982228DEE800BB6C1D /* doOn */ = {
			isa = PBXGroup;
			children = (
				840A9C992228DF0100BB6C1D /* doOnViewController.swift */,
				840A9C9A2228DF0100BB6C1D /* doOnViewController.xib */,
			);
			path = doOn;
			sourceTree = "<group>";
		};
		840A9C9D2228E29700BB6C1D /* Dispose */ = {
			isa = PBXGroup;
			children = (
				840A9C9E2228E2B300BB6C1D /* DisposeViewController.swift */,
				840A9C9F2228E2B300BB6C1D /* DisposeViewController.xib */,
			);
			path = Dispose;
			sourceTree = "<group>";
		};
		840A9CA22228EA1000BB6C1D /* bindto */ = {
			isa = PBXGroup;
			children = (
				840A9CA32228EA2800BB6C1D /* bindViewController.swift */,
				840A9CA42228EA2800BB6C1D /* bindViewController.xib */,
			);
			path = bindto;
			sourceTree = "<group>";
		};
		840A9CA72228F00900BB6C1D /* ui扩展 */ = {
			isa = PBXGroup;
			children = (
				840A9CA82228F04400BB6C1D /* exViewController.swift */,
				840A9CA92228F04400BB6C1D /* exViewController.xib */,
			);
			path = "ui扩展";
			sourceTree = "<group>";
		};
		84E748A722B7B3E7003B55AA /* 变化操作符 */ = {
			isa = PBXGroup;
			children = (
				84E748A822B7B424003B55AA /* TransformingViewController.swift */,
			);
			path = "变化操作符";
			sourceTree = "<group>";
		};
		84F85EC8222A5DE6003790E6 /* subjects */ = {
			isa = PBXGroup;
			children = (
				84F85EC9222A5DFE003790E6 /* subjectsViewController.swift */,
				84F85ECA222A5DFE003790E6 /* subjectsViewController.xib */,
			);
			path = subjects;
			sourceTree = "<group>";
		};
		9B083DB922F7C007008C8057 /* UITableview */ = {
			isa = PBXGroup;
			children = (
				9B083DBA22F7C034008C8057 /* TableViewController.swift */,
				9B083DBC22F7D9B3008C8057 /* TableView2Controller.swift */,
				9B083DC022F809AF008C8057 /* SeachTableViewController.swift */,
			);
			path = UITableview;
			sourceTree = "<group>";
		};
		9B704FED22CDA544003E8DF1 /* Driver */ = {
			isa = PBXGroup;
			children = (
				9B704FEE22CDA552003E8DF1 /* DriverViewController.swift */,
			);
			path = Driver;
			sourceTree = "<group>";
		};
		9B704FF022CDD356003E8DF1 /* 特征序列3 */ = {
			isa = PBXGroup;
			children = (
				9B704FF122CDD39C003E8DF1 /* ControlPropertyViewController.swift */,
			);
			path = "特征序列3";
			sourceTree = "<group>";
		};
		9B704FF322CDD894003E8DF1 /* Schedulers */ = {
			isa = PBXGroup;
			children = (
				9B704FF422CDD89F003E8DF1 /* SchedulersViewController.swift */,
			);
			path = Schedulers;
			sourceTree = "<group>";
		};
		9B7A970322D3222000A51953 /* UILabel */ = {
			isa = PBXGroup;
			children = (
				9B7A970422D3223B00A51953 /* UIlabelViewController.swift */,
			);
			path = UILabel;
			sourceTree = "<group>";
		};
		9B7A970622D3259600A51953 /* TextView */ = {
			isa = PBXGroup;
			children = (
				9B7A970722D325B400A51953 /* TextViewController.swift */,
			);
			path = TextView;
			sourceTree = "<group>";
		};
		9B8D029522EE8C650004A4FB /* BidirectionalData */ = {
			isa = PBXGroup;
			children = (
				9B8D029622EE8C880004A4FB /* BidirectionalDataViewController.swift */,
			);
			path = BidirectionalData;
			sourceTree = "<group>";
		};
		9B8D029A22EE999A0004A4FB /* UIGestureRecognizer */ = {
			isa = PBXGroup;
			children = (
				9B8D029B22EE99A70004A4FB /* UIGestureRecognizerViewController.swift */,
			);
			path = UIGestureRecognizer;
			sourceTree = "<group>";
		};
		9B8D029D22EE9C860004A4FB /* UIDatePicker */ = {
			isa = PBXGroup;
			children = (
				9B8D029E22EE9C900004A4FB /* UIDatePickerViewController.swift */,
			);
			path = UIDatePicker;
			sourceTree = "<group>";
		};
		9B91E8C122EAE98E004C375F /* UISwitch */ = {
			isa = PBXGroup;
			children = (
				9B91E8C222EAE9F7004C375F /* SwitchViewController.swift */,
			);
			path = UISwitch;
			sourceTree = "<group>";
		};
		9B91E8C522EAF6F5004C375F /* UIActivityIndicatorView */ = {
			isa = PBXGroup;
			children = (
				9B91E8C622EAF703004C375F /* UIActivityIndicatorViewController.swift */,
			);
			path = UIActivityIndicatorView;
			sourceTree = "<group>";
		};
		9B91E8C822EAFEA4004C375F /* UISlider */ = {
			isa = PBXGroup;
			children = (
				9B91E8C922EAFED5004C375F /* UISliderViewController.swift */,
			);
			path = UISlider;
			sourceTree = "<group>";
		};
		9BAC076D22C616F300E77EC5 /* 过滤操作符 */ = {
			isa = PBXGroup;
			children = (
				9BAC076E22C6171300E77EC5 /* FilteringObservablesViewController.swift */,
			);
			path = "过滤操作符";
			sourceTree = "<group>";
		};
		9BF64DDD22C9EFE800184FFB /* 条件和布尔操作符 */ = {
			isa = PBXGroup;
			children = (
				9BF64DDE22C9F00800184FFB /* ConditionalBooleanOperatorsViewController.swift */,
			);
			path = "条件和布尔操作符";
			sourceTree = "<group>";
		};
		9BF64DE022C9F29700184FFB /* 结合操作符 */ = {
			isa = PBXGroup;
			children = (
				9BF64DE122C9F2A800184FFB /* CombiningObservablesViewController.swift */,
			);
			path = "结合操作符";
			sourceTree = "<group>";
		};
		9BF64DE522C9F85C00184FFB /* 算数聚合操作符 */ = {
			isa = PBXGroup;
			children = (
				9BF64DE622C9F87800184FFB /* MathematicalAggregateOperatorsViewController.swift */,
			);
			path = "算数聚合操作符";
			sourceTree = "<group>";
		};
		9BF64DE822C9FA6400184FFB /* 连接操作符 */ = {
			isa = PBXGroup;
			children = (
				9BF64DE922C9FA8700184FFB /* ConnectableObservableOperatorsViewController.swift */,
			);
			path = "连接操作符";
			sourceTree = "<group>";
		};
		9BF64DEB22C9FFBB00184FFB /* 其他操作符 */ = {
			isa = PBXGroup;
			children = (
				9BF64DEC22C9FFD100184FFB /* ObservableUtilityOperatorsViewController.swift */,
			);
			path = "其他操作符";
			sourceTree = "<group>";
		};
		9BF64DEE22CA027000184FFB /* 错误处理 */ = {
			isa = PBXGroup;
			children = (
				9BF64DEF22CA028B00184FFB /* ErrorHandlingOperatorsViewController.swift */,
			);
			path = "错误处理";
			sourceTree = "<group>";
		};
		9BF64DF122CA039C00184FFB /* 调试操作 */ = {
			isa = PBXGroup;
			children = (
				9BF64DF222CA03B500184FFB /* DebugViewController.swift */,
			);
			path = "调试操作";
			sourceTree = "<group>";
		};
		9BF64DF422CA06BA00184FFB /* 特征序列 */ = {
			isa = PBXGroup;
			children = (
				9BF64DF522CA06F900184FFB /* TraitsViewController.swift */,
			);
			path = "特征序列";
			sourceTree = "<group>";
		};
		9BF9925C22E69EDB00C17A07 /* Button */ = {
			isa = PBXGroup;
			children = (
				9BF9925D22E69F0100C17A07 /* UIButtonViewController.swift */,
			);
			path = Button;
			sourceTree = "<group>";
		};
		D6336EAA639B30140CAB411A /* Pods */ = {
			isa = PBXGroup;
			children = (
				4BF0ADD7AD5C73712C521512 /* Pods-studyRxswift.debug.xcconfig */,
				51E311629813725307D67016 /* Pods-studyRxswift.release.xcconfig */,
			);
			name = Pods;
			sourceTree = "<group>";
		};
/* End PBXGroup section */

/* Begin PBXNativeTarget section */
		840A9C6D2227969800BB6C1D /* studyRxswift */ = {
			isa = PBXNativeTarget;
			buildConfigurationList = 840A9C802227969A00BB6C1D /* Build configuration list for PBXNativeTarget "studyRxswift" */;
			buildPhases = (
				918EC8842417FF01C35ACD44 /* [CP] Check Pods Manifest.lock */,
				840A9C6A2227969800BB6C1D /* Sources */,
				840A9C6B2227969800BB6C1D /* Frameworks */,
				840A9C6C2227969800BB6C1D /* Resources */,
				5415827B33428CEE947C4F54 /* [CP] Embed Pods Frameworks */,
			);
			buildRules = (
			);
			dependencies = (
			);
			name = studyRxswift;
			productName = studyRxswift;
			productReference = 840A9C6E2227969800BB6C1D /* studyRxswift.app */;
			productType = "com.apple.product-type.application";
		};
/* End PBXNativeTarget section */

/* Begin PBXProject section */
		840A9C662227969800BB6C1D /* Project object */ = {
			isa = PBXProject;
			attributes = {
				LastSwiftUpdateCheck = 1010;
				LastUpgradeCheck = 1010;
				ORGANIZATIONNAME = zclee;
				TargetAttributes = {
					840A9C6D2227969800BB6C1D = {
						CreatedOnToolsVersion = 10.1;
						ProvisioningStyle = Automatic;
					};
				};
			};
			buildConfigurationList = 840A9C692227969800BB6C1D /* Build configuration list for PBXProject "studyRxswift" */;
			compatibilityVersion = "Xcode 8.0";
			developmentRegion = en;
			hasScannedForEncodings = 0;
			knownRegions = (
				en,
				Base,
			);
			mainGroup = 840A9C652227969800BB6C1D;
			productRefGroup = 840A9C6F2227969800BB6C1D /* Products */;
			projectDirPath = "";
			projectRoot = "";
			targets = (
				840A9C6D2227969800BB6C1D /* studyRxswift */,
			);
		};
/* End PBXProject section */

/* Begin PBXResourcesBuildPhase section */
		840A9C6C2227969800BB6C1D /* Resources */ = {
			isa = PBXResourcesBuildPhase;
			buildActionMask = 2147483647;
			files = (
				840A9CA12228E2B300BB6C1D /* DisposeViewController.xib in Resources */,
				840A9C7C2227969A00BB6C1D /* LaunchScreen.storyboard in Resources */,
				840A9C922227C4D200BB6C1D /* ObservableViewController.xib in Resources */,
				840A9CAB2228F04400BB6C1D /* exViewController.xib in Resources */,
				840A9CA62228EA2800BB6C1D /* bindViewController.xib in Resources */,
				840A9C872227B9B600BB6C1D /* PeopleViewController.xib in Resources */,
				84F85ECC222A5DFE003790E6 /* subjectsViewController.xib in Resources */,
				840A9C972228DBF900BB6C1D /* SubscribeViewController.xib in Resources */,
				840A9C792227969A00BB6C1D /* Assets.xcassets in Resources */,
				840A9C772227969800BB6C1D /* Main.storyboard in Resources */,
				840A9C9C2228DF0100BB6C1D /* doOnViewController.xib in Resources */,
			);
			runOnlyForDeploymentPostprocessing = 0;
		};
/* End PBXResourcesBuildPhase section */

/* Begin PBXShellScriptBuildPhase section */
		5415827B33428CEE947C4F54 /* [CP] Embed Pods Frameworks */ = {
			isa = PBXShellScriptBuildPhase;
			buildActionMask = 2147483647;
			files = (
			);
			inputPaths = (
				"${PODS_ROOT}/Target Support Files/Pods-studyRxswift/Pods-studyRxswift-frameworks.sh",
				"${BUILT_PRODUCTS_DIR}/Differentiator/Differentiator.framework",
				"${BUILT_PRODUCTS_DIR}/RxAtomic/RxAtomic.framework",
				"${BUILT_PRODUCTS_DIR}/RxCocoa/RxCocoa.framework",
				"${BUILT_PRODUCTS_DIR}/RxDataSources/RxDataSources.framework",
				"${BUILT_PRODUCTS_DIR}/RxSwift/RxSwift.framework",
			);
			name = "[CP] Embed Pods Frameworks";
			outputPaths = (
				"${TARGET_BUILD_DIR}/${FRAMEWORKS_FOLDER_PATH}/Differentiator.framework",
				"${TARGET_BUILD_DIR}/${FRAMEWORKS_FOLDER_PATH}/RxAtomic.framework",
				"${TARGET_BUILD_DIR}/${FRAMEWORKS_FOLDER_PATH}/RxCocoa.framework",
				"${TARGET_BUILD_DIR}/${FRAMEWORKS_FOLDER_PATH}/RxDataSources.framework",
				"${TARGET_BUILD_DIR}/${FRAMEWORKS_FOLDER_PATH}/RxSwift.framework",
			);
			runOnlyForDeploymentPostprocessing = 0;
			shellPath = /bin/sh;
			shellScript = "\"${PODS_ROOT}/Target Support Files/Pods-studyRxswift/Pods-studyRxswift-frameworks.sh\"\n";
			showEnvVarsInLog = 0;
		};
		918EC8842417FF01C35ACD44 /* [CP] Check Pods Manifest.lock */ = {
			isa = PBXShellScriptBuildPhase;
			buildActionMask = 2147483647;
			files = (
			);
			inputPaths = (
				"${PODS_PODFILE_DIR_PATH}/Podfile.lock",
				"${PODS_ROOT}/Manifest.lock",
			);
			name = "[CP] Check Pods Manifest.lock";
			outputPaths = (
				"$(DERIVED_FILE_DIR)/Pods-studyRxswift-checkManifestLockResult.txt",
			);
			runOnlyForDeploymentPostprocessing = 0;
			shellPath = /bin/sh;
			shellScript = "diff \"${PODS_PODFILE_DIR_PATH}/Podfile.lock\" \"${PODS_ROOT}/Manifest.lock\" > /dev/null\nif [ $? != 0 ] ; then\n    # print error to STDERR\n    echo \"error: The sandbox is not in sync with the Podfile.lock. Run 'pod install' or update your CocoaPods installation.\" >&2\n    exit 1\nfi\n# This output is used by Xcode 'outputs' to avoid re-running this script phase.\necho \"SUCCESS\" > \"${SCRIPT_OUTPUT_FILE_0}\"\n";
			showEnvVarsInLog = 0;
		};
/* End PBXShellScriptBuildPhase section */

/* Begin PBXSourcesBuildPhase section */
		840A9C6A2227969800BB6C1D /* Sources */ = {
			isa = PBXSourcesBuildPhase;
			buildActionMask = 2147483647;
			files = (
				9BF64DED22C9FFD100184FFB /* ObservableUtilityOperatorsViewController.swift in Sources */,
				9BF64DE222C9F2A800184FFB /* CombiningObservablesViewController.swift in Sources */,
				840A9CA02228E2B300BB6C1D /* DisposeViewController.swift in Sources */,
				840A9CA52228EA2800BB6C1D /* bindViewController.swift in Sources */,
				9B8D029F22EE9C900004A4FB /* UIDatePickerViewController.swift in Sources */,
				840A9CAA2228F04400BB6C1D /* exViewController.swift in Sources */,
				9B083DC122F809AF008C8057 /* SeachTableViewController.swift in Sources */,
				9B7A970822D325B400A51953 /* TextViewController.swift in Sources */,
				9B704FEF22CDA552003E8DF1 /* DriverViewController.swift in Sources */,
				9BF64DF622CA06F900184FFB /* TraitsViewController.swift in Sources */,
				840A9C742227969800BB6C1D /* ViewController.swift in Sources */,
				840A9C912227C4D200BB6C1D /* ObservableViewController.swift in Sources */,
				9BF64DDF22C9F00800184FFB /* ConditionalBooleanOperatorsViewController.swift in Sources */,
				840A9C9B2228DF0100BB6C1D /* doOnViewController.swift in Sources */,
				9BF9925E22E69F0100C17A07 /* UIButtonViewController.swift in Sources */,
				9B91E8CC22EAFF78004C375F /* BaseViewController.swift in Sources */,
				9B704FF222CDD39C003E8DF1 /* ControlPropertyViewController.swift in Sources */,
				840A9C722227969800BB6C1D /* AppDelegate.swift in Sources */,
				9B91E8C722EAF703004C375F /* UIActivityIndicatorViewController.swift in Sources */,
				9B7A970522D3223B00A51953 /* UIlabelViewController.swift in Sources */,
				840A9C962228DBF900BB6C1D /* SubscribeViewController.swift in Sources */,
				9B8D029C22EE99A70004A4FB /* UIGestureRecognizerViewController.swift in Sources */,
				9B91E8C322EAE9F7004C375F /* SwitchViewController.swift in Sources */,
				9B083DBD22F7D9B3008C8057 /* TableView2Controller.swift in Sources */,
				84E748A922B7B424003B55AA /* TransformingViewController.swift in Sources */,
				9B91E8CA22EAFED5004C375F /* UISliderViewController.swift in Sources */,
				9BF64DE722C9F87800184FFB /* MathematicalAggregateOperatorsViewController.swift in Sources */,
				9BF64DEA22C9FA8700184FFB /* ConnectableObservableOperatorsViewController.swift in Sources */,
				9BF64DF022CA028B00184FFB /* ErrorHandlingOperatorsViewController.swift in Sources */,
				9BF64DF322CA03B500184FFB /* DebugViewController.swift in Sources */,
				840A9C892227BA9800BB6C1D /* PeopleModel.swift in Sources */,
				9B083DBB22F7C034008C8057 /* TableViewController.swift in Sources */,
				9BAC076F22C6171300E77EC5 /* FilteringObservablesViewController.swift in Sources */,
				84F85ECB222A5DFE003790E6 /* subjectsViewController.swift in Sources */,
				9B8D029922EE922F0004A4FB /* Operators.swift in Sources */,
				840A9C8B2227BB1600BB6C1D /* PeopleViewModel.swift in Sources */,
				9B8D029722EE8C880004A4FB /* BidirectionalDataViewController.swift in Sources */,
				9B704FF522CDD89F003E8DF1 /* SchedulersViewController.swift in Sources */,
				840A9C862227B9B600BB6C1D /* PeopleViewController.swift in Sources */,
			);
			runOnlyForDeploymentPostprocessing = 0;
		};
/* End PBXSourcesBuildPhase section */

/* Begin PBXVariantGroup section */
		840A9C752227969800BB6C1D /* Main.storyboard */ = {
			isa = PBXVariantGroup;
			children = (
				840A9C762227969800BB6C1D /* Base */,
			);
			name = Main.storyboard;
			sourceTree = "<group>";
		};
		840A9C7A2227969A00BB6C1D /* LaunchScreen.storyboard */ = {
			isa = PBXVariantGroup;
			children = (
				840A9C7B2227969A00BB6C1D /* Base */,
			);
			name = LaunchScreen.storyboard;
			sourceTree = "<group>";
		};
/* End PBXVariantGroup section */

/* Begin XCBuildConfiguration section */
		840A9C7E2227969A00BB6C1D /* Debug */ = {
			isa = XCBuildConfiguration;
			buildSettings = {
				ALWAYS_SEARCH_USER_PATHS = NO;
				CLANG_ANALYZER_NONNULL = YES;
				CLANG_ANALYZER_NUMBER_OBJECT_CONVERSION = YES_AGGRESSIVE;
				CLANG_CXX_LANGUAGE_STANDARD = "gnu++14";
				CLANG_CXX_LIBRARY = "libc++";
				CLANG_ENABLE_MODULES = YES;
				CLANG_ENABLE_OBJC_ARC = YES;
				CLANG_ENABLE_OBJC_WEAK = YES;
				CLANG_WARN_BLOCK_CAPTURE_AUTORELEASING = YES;
				CLANG_WARN_BOOL_CONVERSION = YES;
				CLANG_WARN_COMMA = YES;
				CLANG_WARN_CONSTANT_CONVERSION = YES;
				CLANG_WARN_DEPRECATED_OBJC_IMPLEMENTATIONS = YES;
				CLANG_WARN_DIRECT_OBJC_ISA_USAGE = YES_ERROR;
				CLANG_WARN_DOCUMENTATION_COMMENTS = YES;
				CLANG_WARN_EMPTY_BODY = YES;
				CLANG_WARN_ENUM_CONVERSION = YES;
				CLANG_WARN_INFINITE_RECURSION = YES;
				CLANG_WARN_INT_CONVERSION = YES;
				CLANG_WARN_NON_LITERAL_NULL_CONVERSION = YES;
				CLANG_WARN_OBJC_IMPLICIT_RETAIN_SELF = YES;
				CLANG_WARN_OBJC_LITERAL_CONVERSION = YES;
				CLANG_WARN_OBJC_ROOT_CLASS = YES_ERROR;
				CLANG_WARN_RANGE_LOOP_ANALYSIS = YES;
				CLANG_WARN_STRICT_PROTOTYPES = YES;
				CLANG_WARN_SUSPICIOUS_MOVE = YES;
				CLANG_WARN_UNGUARDED_AVAILABILITY = YES_AGGRESSIVE;
				CLANG_WARN_UNREACHABLE_CODE = YES;
				CLANG_WARN__DUPLICATE_METHOD_MATCH = YES;
				CODE_SIGN_IDENTITY = "iPhone Developer";
				COPY_PHASE_STRIP = NO;
				DEBUG_INFORMATION_FORMAT = dwarf;
				ENABLE_STRICT_OBJC_MSGSEND = YES;
				ENABLE_TESTABILITY = YES;
				GCC_C_LANGUAGE_STANDARD = gnu11;
				GCC_DYNAMIC_NO_PIC = NO;
				GCC_NO_COMMON_BLOCKS = YES;
				GCC_OPTIMIZATION_LEVEL = 0;
				GCC_PREPROCESSOR_DEFINITIONS = (
					"DEBUG=1",
					"$(inherited)",
				);
				GCC_WARN_64_TO_32_BIT_CONVERSION = YES;
				GCC_WARN_ABOUT_RETURN_TYPE = YES_ERROR;
				GCC_WARN_UNDECLARED_SELECTOR = YES;
				GCC_WARN_UNINITIALIZED_AUTOS = YES_AGGRESSIVE;
				GCC_WARN_UNUSED_FUNCTION = YES;
				GCC_WARN_UNUSED_VARIABLE = YES;
				IPHONEOS_DEPLOYMENT_TARGET = 12.1;
				MTL_ENABLE_DEBUG_INFO = INCLUDE_SOURCE;
				MTL_FAST_MATH = YES;
				ONLY_ACTIVE_ARCH = YES;
				SDKROOT = iphoneos;
				SWIFT_ACTIVE_COMPILATION_CONDITIONS = DEBUG;
				SWIFT_OPTIMIZATION_LEVEL = "-Onone";
			};
			name = Debug;
		};
		840A9C7F2227969A00BB6C1D /* Release */ = {
			isa = XCBuildConfiguration;
			buildSettings = {
				ALWAYS_SEARCH_USER_PATHS = NO;
				CLANG_ANALYZER_NONNULL = YES;
				CLANG_ANALYZER_NUMBER_OBJECT_CONVERSION = YES_AGGRESSIVE;
				CLANG_CXX_LANGUAGE_STANDARD = "gnu++14";
				CLANG_CXX_LIBRARY = "libc++";
				CLANG_ENABLE_MODULES = YES;
				CLANG_ENABLE_OBJC_ARC = YES;
				CLANG_ENABLE_OBJC_WEAK = YES;
				CLANG_WARN_BLOCK_CAPTURE_AUTORELEASING = YES;
				CLANG_WARN_BOOL_CONVERSION = YES;
				CLANG_WARN_COMMA = YES;
				CLANG_WARN_CONSTANT_CONVERSION = YES;
				CLANG_WARN_DEPRECATED_OBJC_IMPLEMENTATIONS = YES;
				CLANG_WARN_DIRECT_OBJC_ISA_USAGE = YES_ERROR;
				CLANG_WARN_DOCUMENTATION_COMMENTS = YES;
				CLANG_WARN_EMPTY_BODY = YES;
				CLANG_WARN_ENUM_CONVERSION = YES;
				CLANG_WARN_INFINITE_RECURSION = YES;
				CLANG_WARN_INT_CONVERSION = YES;
				CLANG_WARN_NON_LITERAL_NULL_CONVERSION = YES;
				CLANG_WARN_OBJC_IMPLICIT_RETAIN_SELF = YES;
				CLANG_WARN_OBJC_LITERAL_CONVERSION = YES;
				CLANG_WARN_OBJC_ROOT_CLASS = YES_ERROR;
				CLANG_WARN_RANGE_LOOP_ANALYSIS = YES;
				CLANG_WARN_STRICT_PROTOTYPES = YES;
				CLANG_WARN_SUSPICIOUS_MOVE = YES;
				CLANG_WARN_UNGUARDED_AVAILABILITY = YES_AGGRESSIVE;
				CLANG_WARN_UNREACHABLE_CODE = YES;
				CLANG_WARN__DUPLICATE_METHOD_MATCH = YES;
				CODE_SIGN_IDENTITY = "iPhone Developer";
				COPY_PHASE_STRIP = NO;
				DEBUG_INFORMATION_FORMAT = "dwarf-with-dsym";
				ENABLE_NS_ASSERTIONS = NO;
				ENABLE_STRICT_OBJC_MSGSEND = YES;
				GCC_C_LANGUAGE_STANDARD = gnu11;
				GCC_NO_COMMON_BLOCKS = YES;
				GCC_WARN_64_TO_32_BIT_CONVERSION = YES;
				GCC_WARN_ABOUT_RETURN_TYPE = YES_ERROR;
				GCC_WARN_UNDECLARED_SELECTOR = YES;
				GCC_WARN_UNINITIALIZED_AUTOS = YES_AGGRESSIVE;
				GCC_WARN_UNUSED_FUNCTION = YES;
				GCC_WARN_UNUSED_VARIABLE = YES;
				IPHONEOS_DEPLOYMENT_TARGET = 12.1;
				MTL_ENABLE_DEBUG_INFO = NO;
				MTL_FAST_MATH = YES;
				SDKROOT = iphoneos;
				SWIFT_OPTIMIZATION_LEVEL = "-Owholemodule";
				VALIDATE_PRODUCT = YES;
			};
			name = Release;
		};
		840A9C812227969A00BB6C1D /* Debug */ = {
			isa = XCBuildConfiguration;
			baseConfigurationReference = 4BF0ADD7AD5C73712C521512 /* Pods-studyRxswift.debug.xcconfig */;
			buildSettings = {
				ASSETCATALOG_COMPILER_APPICON_NAME = AppIcon;
				CODE_SIGN_STYLE = Automatic;
				DEVELOPMENT_TEAM = PTUCTZC4VF;
				INFOPLIST_FILE = studyRxswift/Info.plist;
				LD_RUNPATH_SEARCH_PATHS = "$(inherited) @executable_path/Frameworks";
				PRODUCT_BUNDLE_IDENTIFIER = com.test.lee.studyRxswift;
				PRODUCT_NAME = "$(TARGET_NAME)";
				SWIFT_VERSION = 4.2;
				TARGETED_DEVICE_FAMILY = "1,2";
			};
			name = Debug;
		};
		840A9C822227969A00BB6C1D /* Release */ = {
			isa = XCBuildConfiguration;
			baseConfigurationReference = 51E311629813725307D67016 /* Pods-studyRxswift.release.xcconfig */;
			buildSettings = {
				ASSETCATALOG_COMPILER_APPICON_NAME = AppIcon;
				CODE_SIGN_STYLE = Automatic;
				DEVELOPMENT_TEAM = PTUCTZC4VF;
				INFOPLIST_FILE = studyRxswift/Info.plist;
				LD_RUNPATH_SEARCH_PATHS = "$(inherited) @executable_path/Frameworks";
				PRODUCT_BUNDLE_IDENTIFIER = com.test.lee.studyRxswift;
				PRODUCT_NAME = "$(TARGET_NAME)";
				SWIFT_VERSION = 4.2;
				TARGETED_DEVICE_FAMILY = "1,2";
			};
			name = Release;
		};
/* End XCBuildConfiguration section */

/* Begin XCConfigurationList section */
		840A9C692227969800BB6C1D /* Build configuration list for PBXProject "studyRxswift" */ = {
			isa = XCConfigurationList;
			buildConfigurations = (
				840A9C7E2227969A00BB6C1D /* Debug */,
				840A9C7F2227969A00BB6C1D /* Release */,
			);
			defaultConfigurationIsVisible = 0;
			defaultConfigurationName = Release;
		};
		840A9C802227969A00BB6C1D /* Build configuration list for PBXNativeTarget "studyRxswift" */ = {
			isa = XCConfigurationList;
			buildConfigurations = (
				840A9C812227969A00BB6C1D /* Debug */,
				840A9C822227969A00BB6C1D /* Release */,
			);
			defaultConfigurationIsVisible = 0;
			defaultConfigurationName = Release;
		};
/* End XCConfigurationList section */
	};
	rootObject = 840A9C662227969800BB6C1D /* Project object */;
}
